# THIS IS AN AUTOGENERATED FILE. DO NOT EDIT THIS FILE DIRECTLY.
# yarn lockfile v1


zoomwall.js@^2.1.1:
  version "2.1.1"
  resolved "https://registry.yarnpkg.com/zoomwall.js/-/zoomwall.js-2.1.1.tgz#048878bc9b2e54353bf9054b4b1186b22afa9a0b"
  integrity sha512-WzumjO+Ay7sj3iB3fCxIZvuQV27sdarbLLwI1bubS0ATficFY+v8sbV3D0LdQkQ5bEQHldKdKZKzP9Xq5ZWLcg==
